
Microsoft Visual Studio Solution File, Format Version 11.00
# Visual Studio 2010
Project("{FAE04EC0-301F-11D3-BF4B-00C04F79EFBC}") = "Assembly-CSharp", "Assembly-CSharp.csproj", "{DF8EC03E-96F1-78AD-CC8B-E5A7E77AFA1C}"
EndProject
Project("{FAE04EC0-301F-11D3-BF4B-00C04F79EFBC}") = "Assembly-CSharp-Editor", "Assembly-CSharp-Editor.csproj", "{DA3849F5-3FFA-942F-203B-AC94863D40B1}"
EndProject
Global
	GlobalSection(SolutionConfigurationPlatforms) = preSolution
		Debug|Any CPU = Debug|Any CPU
		Release|Any CPU = Release|Any CPU
	EndGlobalSection
	GlobalSection(ProjectConfigurationPlatforms) = postSolution
		{DF8EC03E-96F1-78AD-CC8B-E5A7E77AFA1C}.Debug|Any CPU.ActiveCfg = Debug|Any CPU
		{DF8EC03E-96F1-78AD-CC8B-E5A7E77AFA1C}.Debug|Any CPU.Build.0 = Debug|Any CPU
		{DF8EC03E-96F1-78AD-CC8B-E5A7E77AFA1C}.Release|Any CPU.ActiveCfg = Release|Any CPU
		{DF8EC03E-96F1-78AD-CC8B-E5A7E77AFA1C}.Release|Any CPU.Build.0 = Release|Any CPU
		{DA3849F5-3FFA-942F-203B-AC94863D40B1}.Debug|Any CPU.ActiveCfg = Debug|Any CPU
		{DA3849F5-3FFA-942F-203B-AC94863D40B1}.Debug|Any CPU.Build.0 = Debug|Any CPU
		{DA3849F5-3FFA-942F-203B-AC94863D40B1}.Release|Any CPU.ActiveCfg = Release|Any CPU
		{DA3849F5-3FFA-942F-203B-AC94863D40B1}.Release|Any CPU.Build.0 = Release|Any CPU
	EndGlobalSection
	GlobalSection(SolutionProperties) = preSolution
		HideSolutionNode = FALSE
	EndGlobalSection
EndGlobal
